
Microsoft Visual Studio Solution File, Format Version 12.00
# Visual Studio 15
VisualStudioVersion = 15.0.27004.2002
MinimumVisualStudioVersion = 10.0.40219.1
Project("{9A19103F-16F7-4668-BE54-9A1E7A4F7556}") = "AzureFunctionForSplunk", "AzureFunctionForSplunk\AzureFunctionForSplunk.csproj", "{02145275-B0F3-483B-9449-13C0786DF4E6}"
EndProject
Global
	GlobalSection(SolutionConfigurationPlatforms) = preSolution
		Debug|Any CPU = Debug|Any CPU
		Release|Any CPU = Release|Any CPU
	EndGlobalSection
	GlobalSection(ProjectConfigurationPlatforms) = postSolution
		{02145275-B0F3-483B-9449-13C0786DF4E6}.Debug|Any CPU.ActiveCfg = Debug|Any CPU
		{02145275-B0F3-483B-9449-13C0786DF4E6}.Debug|Any CPU.Build.0 = Debug|Any CPU
		{02145275-B0F3-483B-9449-13C0786DF4E6}.Release|Any CPU.ActiveCfg = Release|Any CPU
		{02145275-B0F3-483B-9449-13C0786DF4E6}.Release|Any CPU.Build.0 = Release|Any CPU
	EndGlobalSection
	GlobalSection(SolutionProperties) = preSolution
		HideSolutionNode = FALSE
	EndGlobalSection
	GlobalSection(ExtensibilityGlobals) = postSolution
		SolutionGuid = {14915553-D534-4C15-A978-90A9B59FF100}
	EndGlobalSection
EndGlobal
